
Microsoft Visual Studio Solution File, Format Version 12.00
# Visual Studio 15
VisualStudioVersion = 15.0.27004.2009
MinimumVisualStudioVersion = 10.0.40219.1
Project("{9A19103F-16F7-4668-BE54-9A1E7A4F7556}") = "TravelPlanner.Presentation", "TravelPlanner.Presentation\TravelPlanner.Presentation.csproj", "{03EC3605-E8F1-4363-B57D-B49DC3FE3CAE}"
EndProject
Project("{9A19103F-16F7-4668-BE54-9A1E7A4F7556}") = "TravelPlanner.Test", "TravelPlanner.Test\TravelPlanner.Test.csproj", "{61736C78-0CDE-4B3C-830B-E8F54C72BF9D}"
EndProject
Project("{FAE04EC0-301F-11D3-BF4B-00C04F79EFBC}") = "TravelPlanner.Shared", "TravelPlanner.Shared\TravelPlanner.Shared.csproj", "{01B47082-FFDC-46D6-8E07-A297BD178886}"
EndProject
Project("{FAE04EC0-301F-11D3-BF4B-00C04F79EFBC}") = "TravelPlanner.CommandsServices", "TravelPlanner.CommandsService\TravelPlanner.CommandsServices.csproj", "{3B186EB1-ABAF-4C8D-8FC5-89124849FCC3}"
EndProject
Project("{9A19103F-16F7-4668-BE54-9A1E7A4F7556}") = "TravelPlanner.QueryServices", "TravelPlanner.QueryServices\TravelPlanner.QueryServices.csproj", "{96FCBC96-49DA-4539-AFC3-9D105D51466A}"
EndProject
Global
	GlobalSection(SolutionConfigurationPlatforms) = preSolution
		Debug|Any CPU = Debug|Any CPU
		Release|Any CPU = Release|Any CPU
	EndGlobalSection
	GlobalSection(ProjectConfigurationPlatforms) = postSolution
		{03EC3605-E8F1-4363-B57D-B49DC3FE3CAE}.Debug|Any CPU.ActiveCfg = Debug|Any CPU
		{03EC3605-E8F1-4363-B57D-B49DC3FE3CAE}.Debug|Any CPU.Build.0 = Debug|Any CPU
		{03EC3605-E8F1-4363-B57D-B49DC3FE3CAE}.Release|Any CPU.ActiveCfg = Release|Any CPU
		{03EC3605-E8F1-4363-B57D-B49DC3FE3CAE}.Release|Any CPU.Build.0 = Release|Any CPU
		{61736C78-0CDE-4B3C-830B-E8F54C72BF9D}.Debug|Any CPU.ActiveCfg = Debug|Any CPU
		{61736C78-0CDE-4B3C-830B-E8F54C72BF9D}.Debug|Any CPU.Build.0 = Debug|Any CPU
		{61736C78-0CDE-4B3C-830B-E8F54C72BF9D}.Release|Any CPU.ActiveCfg = Release|Any CPU
		{61736C78-0CDE-4B3C-830B-E8F54C72BF9D}.Release|Any CPU.Build.0 = Release|Any CPU
		{01B47082-FFDC-46D6-8E07-A297BD178886}.Debug|Any CPU.ActiveCfg = Debug|Any CPU
		{01B47082-FFDC-46D6-8E07-A297BD178886}.Debug|Any CPU.Build.0 = Debug|Any CPU
		{01B47082-FFDC-46D6-8E07-A297BD178886}.Release|Any CPU.ActiveCfg = Release|Any CPU
		{01B47082-FFDC-46D6-8E07-A297BD178886}.Release|Any CPU.Build.0 = Release|Any CPU
		{3B186EB1-ABAF-4C8D-8FC5-89124849FCC3}.Debug|Any CPU.ActiveCfg = Debug|Any CPU
		{3B186EB1-ABAF-4C8D-8FC5-89124849FCC3}.Debug|Any CPU.Build.0 = Debug|Any CPU
		{3B186EB1-ABAF-4C8D-8FC5-89124849FCC3}.Release|Any CPU.ActiveCfg = Release|Any CPU
		{3B186EB1-ABAF-4C8D-8FC5-89124849FCC3}.Release|Any CPU.Build.0 = Release|Any CPU
		{96FCBC96-49DA-4539-AFC3-9D105D51466A}.Debug|Any CPU.ActiveCfg = Debug|Any CPU
		{96FCBC96-49DA-4539-AFC3-9D105D51466A}.Debug|Any CPU.Build.0 = Debug|Any CPU
		{96FCBC96-49DA-4539-AFC3-9D105D51466A}.Release|Any CPU.ActiveCfg = Release|Any CPU
		{96FCBC96-49DA-4539-AFC3-9D105D51466A}.Release|Any CPU.Build.0 = Release|Any CPU
	EndGlobalSection
	GlobalSection(SolutionProperties) = preSolution
		HideSolutionNode = FALSE
	EndGlobalSection
	GlobalSection(ExtensibilityGlobals) = postSolution
		SolutionGuid = {9DBC2C67-B256-4D12-97F5-52835B16A844}
	EndGlobalSection
EndGlobal
